
Microsoft Visual Studio Solution File, Format Version 12.00
# Visual Studio 15
VisualStudioVersion = 15.0.28010.2036
MinimumVisualStudioVersion = 10.0.40219.1
Project("{FAE04EC0-301F-11D3-BF4B-00C04F79EFBC}") = "StressTest", "StressTest\StressTest.csproj", "{641482AA-033D-4DA0-AB2B-BA6CB24C5999}"
EndProject
Global
	GlobalSection(SolutionConfigurationPlatforms) = preSolution
		Debug|Any CPU = Debug|Any CPU
		Release|Any CPU = Release|Any CPU
	EndGlobalSection
	GlobalSection(ProjectConfigurationPlatforms) = postSolution
		{641482AA-033D-4DA0-AB2B-BA6CB24C5999}.Debug|Any CPU.ActiveCfg = Debug|Any CPU
		{641482AA-033D-4DA0-AB2B-BA6CB24C5999}.Debug|Any CPU.Build.0 = Debug|Any CPU
		{641482AA-033D-4DA0-AB2B-BA6CB24C5999}.Release|Any CPU.ActiveCfg = Release|Any CPU
		{641482AA-033D-4DA0-AB2B-BA6CB24C5999}.Release|Any CPU.Build.0 = Release|Any CPU
	EndGlobalSection
	GlobalSection(SolutionProperties) = preSolution
		HideSolutionNode = FALSE
	EndGlobalSection
	GlobalSection(ExtensibilityGlobals) = postSolution
		SolutionGuid = {A011B80C-B78B-4FF7-A942-588A937FD2D7}
	EndGlobalSection
EndGlobal
